
Microsoft Visual Studio Solution File, Format Version 12.00
Project("{FAE04EC0-301F-11D3-BF4B-00C04F79EFBC}") = "Nummi", "Nummi\Nummi.csproj", "{6A7ED8FA-22DE-4A91-AB31-34268DAF24C3}"
EndProject
Project("{FAE04EC0-301F-11D3-BF4B-00C04F79EFBC}") = "UnitTests", "UnitTests\UnitTests.csproj", "{BEA42BA4-D9D2-4053-809B-E19B84B164F5}"
	ProjectSection(ProjectDependencies) = postProject
		{6A7ED8FA-22DE-4A91-AB31-34268DAF24C3} = {6A7ED8FA-22DE-4A91-AB31-34268DAF24C3}
	EndProjectSection
EndProject
Project("{FAE04EC0-301F-11D3-BF4B-00C04F79EFBC}") = "IntegrationTests", "IntegrationTests\IntegrationTests.csproj", "{251BBB13-6193-43F1-9CE2-19456A849184}"
EndProject
Global
	GlobalSection(SolutionConfigurationPlatforms) = preSolution
		Debug|Any CPU = Debug|Any CPU
		Release|Any CPU = Release|Any CPU
	EndGlobalSection
	GlobalSection(ProjectConfigurationPlatforms) = postSolution
		{6A7ED8FA-22DE-4A91-AB31-34268DAF24C3}.Debug|Any CPU.ActiveCfg = Debug|Any CPU
		{6A7ED8FA-22DE-4A91-AB31-34268DAF24C3}.Debug|Any CPU.Build.0 = Debug|Any CPU
		{6A7ED8FA-22DE-4A91-AB31-34268DAF24C3}.Release|Any CPU.ActiveCfg = Release|Any CPU
		{6A7ED8FA-22DE-4A91-AB31-34268DAF24C3}.Release|Any CPU.Build.0 = Release|Any CPU
		{BEA42BA4-D9D2-4053-809B-E19B84B164F5}.Debug|Any CPU.ActiveCfg = Debug|Any CPU
		{BEA42BA4-D9D2-4053-809B-E19B84B164F5}.Debug|Any CPU.Build.0 = Debug|Any CPU
		{BEA42BA4-D9D2-4053-809B-E19B84B164F5}.Release|Any CPU.ActiveCfg = Release|Any CPU
		{BEA42BA4-D9D2-4053-809B-E19B84B164F5}.Release|Any CPU.Build.0 = Release|Any CPU
		{251BBB13-6193-43F1-9CE2-19456A849184}.Debug|Any CPU.ActiveCfg = Debug|Any CPU
		{251BBB13-6193-43F1-9CE2-19456A849184}.Debug|Any CPU.Build.0 = Debug|Any CPU
		{251BBB13-6193-43F1-9CE2-19456A849184}.Release|Any CPU.ActiveCfg = Release|Any CPU
		{251BBB13-6193-43F1-9CE2-19456A849184}.Release|Any CPU.Build.0 = Release|Any CPU
	EndGlobalSection
EndGlobal
